
Microsoft Visual Studio Solution File, Format Version 12.00
# Visual Studio Version 17
VisualStudioVersion = 17.14.36414.22 d17.14
MinimumVisualStudioVersion = 10.0.40219.1
Project("{FAE04EC0-301F-11D3-BF4B-00C04F79EFBC}") = "BMS_project", "BMS_project\BMS_project.csproj", "{A662922D-B7C9-4938-B3C3-BC135EE1C2C7}"
EndProject
Global
	GlobalSection(SolutionConfigurationPlatforms) = preSolution
		Debug|Any CPU = Debug|Any CPU
		Release|Any CPU = Release|Any CPU
	EndGlobalSection
	GlobalSection(ProjectConfigurationPlatforms) = postSolution
		{A662922D-B7C9-4938-B3C3-BC135EE1C2C7}.Debug|Any CPU.ActiveCfg = Debug|Any CPU
		{A662922D-B7C9-4938-B3C3-BC135EE1C2C7}.Debug|Any CPU.Build.0 = Debug|Any CPU
		{A662922D-B7C9-4938-B3C3-BC135EE1C2C7}.Release|Any CPU.ActiveCfg = Release|Any CPU
		{A662922D-B7C9-4938-B3C3-BC135EE1C2C7}.Release|Any CPU.Build.0 = Release|Any CPU
	EndGlobalSection
	GlobalSection(SolutionProperties) = preSolution
		HideSolutionNode = FALSE
	EndGlobalSection
	GlobalSection(ExtensibilityGlobals) = postSolution
		SolutionGuid = {C0683B5B-70E1-41B5-8269-8B91B66601AA}
	EndGlobalSection
EndGlobal
